
Microsoft Visual Studio Solution File, Format Version 12.00
# Visual Studio Version 17
VisualStudioVersion = 17.10.35013.160
MinimumVisualStudioVersion = 10.0.40219.1
Project("{FAE04EC0-301F-11D3-BF4B-00C04F79EFBC}") = "WinSnake", "WinSnake.csproj", "{C0B48CD4-B9AB-4F4B-8B66-24C8103D24B3}"
EndProject
Global
	GlobalSection(SolutionConfigurationPlatforms) = preSolution
		Debug|Any CPU = Debug|Any CPU
		Release|Any CPU = Release|Any CPU
	EndGlobalSection
	GlobalSection(ProjectConfigurationPlatforms) = postSolution
		{C0B48CD4-B9AB-4F4B-8B66-24C8103D24B3}.Debug|Any CPU.ActiveCfg = Debug|Any CPU
		{C0B48CD4-B9AB-4F4B-8B66-24C8103D24B3}.Debug|Any CPU.Build.0 = Debug|Any CPU
		{C0B48CD4-B9AB-4F4B-8B66-24C8103D24B3}.Release|Any CPU.ActiveCfg = Release|Any CPU
		{C0B48CD4-B9AB-4F4B-8B66-24C8103D24B3}.Release|Any CPU.Build.0 = Release|Any CPU
	EndGlobalSection
	GlobalSection(SolutionProperties) = preSolution
		HideSolutionNode = FALSE
	EndGlobalSection
	GlobalSection(ExtensibilityGlobals) = postSolution
		SolutionGuid = {4DBC0F22-692B-4FBC-A065-A0D751D17350}
	EndGlobalSection
EndGlobal
